{
  "name": "scrollmagic-plugin-gsap",
  "version": "1.0.0",
  "lockfileVersion": 1,
  "requires": true,
  "dependencies": {
    "@types/gsap": {
      "version": "1.20.1",
      "resolved": "https://registry.npmjs.org/@types/gsap/-/gsap-1.20.1.tgz",
      "integrity": "sha512-sm5ulN20NKx1fkPkJuwkMhIGZWH5s1vFsV2Y/30YuIVdL55VsR0b4yzCvxQy3E1Dmosw4aag1GwzSLMONitxXQ=="
    }
  }
}
